<Solution>
  <Configurations>
    <Platform Name="Any CPU" />
    <Platform Name="x64" />
  </Configurations>
  <Folder Name="/src/">
    <Project Path="src/ReSilico.Analysis/ReSilico.Analysis.csproj">
      <Platform Solution="*|x64" Project="x64" />
    </Project>
    <Project Path="src/ReSilico.Core/ReSilico.Core.csproj">
      <Platform Solution="*|x64" Project="x64" />
    </Project>
    <Project Path="src/ReSilico.Domain/ReSilico.Domain.csproj">
      <Platform Solution="*|x64" Project="x64" />
    </Project>
    <Project Path="src/ReSilico.Examples/ReSilico.Examples.csproj">
      <Platform Solution="*|x64" Project="x64" />
    </Project>
  </Folder>
  <Folder Name="/tests/">
    <Project Path="tests/ReSilico.Tests/ReSilico.Tests.csproj">
      <Platform Solution="*|x64" Project="x64" />
    </Project>
  </Folder>
</Solution>
